
Microsoft Visual Studio Solution File, Format Version 12.00
# Visual Studio Version 16
VisualStudioVersion = 16.0.30517.126
MinimumVisualStudioVersion = 10.0.40219.1
Project("{9A19103F-16F7-4668-BE54-9A1E7A4F7556}") = "Week13-Test", "Week13-Test\Week13-Test.csproj", "{E84DDC14-4BF4-4CB8-AA9F-9D146C0413C9}"
EndProject
Project("{9A19103F-16F7-4668-BE54-9A1E7A4F7556}") = "Ylessane2", "Ylessane2\Ylessane2.csproj", "{970C0BF2-6F63-43C1-845C-1F9DAACC821E}"
EndProject
Project("{9A19103F-16F7-4668-BE54-9A1E7A4F7556}") = "Ylessane 3", "Ylessane 3\Ylessane 3.csproj", "{60688E7E-650F-4E71-ADAB-95E6622CD91E}"
EndProject
Project("{9A19103F-16F7-4668-BE54-9A1E7A4F7556}") = "Ylesanne 5", "Ylesanne 4\Ylesanne 5.csproj", "{E8890C67-1DC9-42AB-B303-76F8CE127178}"
EndProject
Project("{FAE04EC0-301F-11D3-BF4B-00C04F79EFBC}") = "Ylesanne4", "Ylesanne4\Ylesanne4.csproj", "{1783F860-82D2-4506-824C-61DFDCE89A9E}"
EndProject
Global
	GlobalSection(SolutionConfigurationPlatforms) = preSolution
		Debug|Any CPU = Debug|Any CPU
		Release|Any CPU = Release|Any CPU
	EndGlobalSection
	GlobalSection(ProjectConfigurationPlatforms) = postSolution
		{E84DDC14-4BF4-4CB8-AA9F-9D146C0413C9}.Debug|Any CPU.ActiveCfg = Debug|Any CPU
		{E84DDC14-4BF4-4CB8-AA9F-9D146C0413C9}.Debug|Any CPU.Build.0 = Debug|Any CPU
		{E84DDC14-4BF4-4CB8-AA9F-9D146C0413C9}.Release|Any CPU.ActiveCfg = Release|Any CPU
		{E84DDC14-4BF4-4CB8-AA9F-9D146C0413C9}.Release|Any CPU.Build.0 = Release|Any CPU
		{970C0BF2-6F63-43C1-845C-1F9DAACC821E}.Debug|Any CPU.ActiveCfg = Debug|Any CPU
		{970C0BF2-6F63-43C1-845C-1F9DAACC821E}.Debug|Any CPU.Build.0 = Debug|Any CPU
		{970C0BF2-6F63-43C1-845C-1F9DAACC821E}.Release|Any CPU.ActiveCfg = Release|Any CPU
		{970C0BF2-6F63-43C1-845C-1F9DAACC821E}.Release|Any CPU.Build.0 = Release|Any CPU
		{60688E7E-650F-4E71-ADAB-95E6622CD91E}.Debug|Any CPU.ActiveCfg = Debug|Any CPU
		{60688E7E-650F-4E71-ADAB-95E6622CD91E}.Debug|Any CPU.Build.0 = Debug|Any CPU
		{60688E7E-650F-4E71-ADAB-95E6622CD91E}.Release|Any CPU.ActiveCfg = Release|Any CPU
		{60688E7E-650F-4E71-ADAB-95E6622CD91E}.Release|Any CPU.Build.0 = Release|Any CPU
		{E8890C67-1DC9-42AB-B303-76F8CE127178}.Debug|Any CPU.ActiveCfg = Debug|Any CPU
		{E8890C67-1DC9-42AB-B303-76F8CE127178}.Debug|Any CPU.Build.0 = Debug|Any CPU
		{E8890C67-1DC9-42AB-B303-76F8CE127178}.Release|Any CPU.ActiveCfg = Release|Any CPU
		{E8890C67-1DC9-42AB-B303-76F8CE127178}.Release|Any CPU.Build.0 = Release|Any CPU
		{1783F860-82D2-4506-824C-61DFDCE89A9E}.Debug|Any CPU.ActiveCfg = Debug|Any CPU
		{1783F860-82D2-4506-824C-61DFDCE89A9E}.Debug|Any CPU.Build.0 = Debug|Any CPU
		{1783F860-82D2-4506-824C-61DFDCE89A9E}.Release|Any CPU.ActiveCfg = Release|Any CPU
		{1783F860-82D2-4506-824C-61DFDCE89A9E}.Release|Any CPU.Build.0 = Release|Any CPU
	EndGlobalSection
	GlobalSection(SolutionProperties) = preSolution
		HideSolutionNode = FALSE
	EndGlobalSection
	GlobalSection(ExtensibilityGlobals) = postSolution
		SolutionGuid = {6D03090F-8D51-4235-988B-EACD3A1B871E}
	EndGlobalSection
EndGlobal
